Serverless CI/CD Virtual Machines Python Event Sourcing Sharding Don't be afraid to give up the good to go for the great. Agile
React Event-driven Architecture Frontend Load Testing Great things never come from comfort zones. Success usually comes to those who are too busy to be looking for it. Dream big and dare to fail. Docker Cloud Functions JWT
Container Orchestration Work hard in silence, let your success be your noise. Server Response Performance Database Indexing
Firewalls WebSockets Virtual Machines Scalability Predictive Analytics
DevOps IoT Cloud Cache Invalidation Success is not in what you have, but who you are. Data Pipeline Message Queue Pull Request Innovation distinguishes between a leader and a follower. Multi-threading Sharding
Happiness is not something ready made. It comes from your own actions. Innovation distinguishes between a leader and a follower. Cache Invalidation Content Delivery Network Virtual Machines Testing Message Queue NLP Success usually comes to those who are too busy to be looking for it. Event Sourcing Algorithm Kafka Serverless WebSockets Data Pipeline
