Serverless CI/CD Virtual Machines Python Event Sourcing Sharding Don't be afraid to give up the good to go for the great. Agile
React Event-driven Architecture Frontend Load Testing Great things never come from comfort zones. Success usually comes to those who are too busy to be looking for it. Dream big and dare to fail. Docker Cloud Functions JWT
